<Solution>
  <Folder Name="/src/">
    <Project Path="src/BetStats.Api/BetStats.Api.csproj" />
    <Project Path="src/BetStats.Application/BetStats.Application.csproj" />
    <Project Path="src/BetStats.Domain/BetStats.Domain.csproj" />
    <Project Path="src/BetStats.Infrastructure/BetStats.Infrastructure.csproj" />
    <Project Path="src/BetStats.Web/BetStats.Web.csproj" />
    <Project Path="src/BetStats.Worker/BetStats.Worker.csproj" />
  </Folder>
  <Folder Name="/tests/">
    <Project Path="tests/BetStats.UnitTests/BetStats.UnitTests.csproj" />
    <Project Path="tests/BetStats.ArchitectureTests/BetStats.ArchitectureTests.csproj" />
  </Folder>
</Solution>
